
Microsoft Visual Studio Solution File, Format Version 12.00
Project("{FAE04EC0-301F-11D3-BF4B-00C04F79EFBC}") = "Acorazados.Tests", "Acorazados.Tests\Acorazados.Tests.csproj", "{192EEE51-DF29-4641-AA9A-40E8FCADE3BA}"
EndProject
Project("{FAE04EC0-301F-11D3-BF4B-00C04F79EFBC}") = "Acorazados.Console", "Acorazados.Console\Acorazados.Console.csproj", "{2F993C05-1D56-40B0-850F-B27B0E122219}"
EndProject
Project("{FAE04EC0-301F-11D3-BF4B-00C04F79EFBC}") = "Acorazados.Domain", "Acorazados.Domain\Acorazados.Domain.csproj", "{05D1BEBF-79A7-46CB-B484-16C212C32EBC}"
EndProject
Global
	GlobalSection(SolutionConfigurationPlatforms) = preSolution
		Debug|Any CPU = Debug|Any CPU
		Release|Any CPU = Release|Any CPU
	EndGlobalSection
	GlobalSection(ProjectConfigurationPlatforms) = postSolution
		{192EEE51-DF29-4641-AA9A-40E8FCADE3BA}.Debug|Any CPU.ActiveCfg = Debug|Any CPU
		{192EEE51-DF29-4641-AA9A-40E8FCADE3BA}.Debug|Any CPU.Build.0 = Debug|Any CPU
		{192EEE51-DF29-4641-AA9A-40E8FCADE3BA}.Release|Any CPU.ActiveCfg = Release|Any CPU
		{192EEE51-DF29-4641-AA9A-40E8FCADE3BA}.Release|Any CPU.Build.0 = Release|Any CPU
		{2F993C05-1D56-40B0-850F-B27B0E122219}.Debug|Any CPU.ActiveCfg = Debug|Any CPU
		{2F993C05-1D56-40B0-850F-B27B0E122219}.Debug|Any CPU.Build.0 = Debug|Any CPU
		{2F993C05-1D56-40B0-850F-B27B0E122219}.Release|Any CPU.ActiveCfg = Release|Any CPU
		{2F993C05-1D56-40B0-850F-B27B0E122219}.Release|Any CPU.Build.0 = Release|Any CPU
		{05D1BEBF-79A7-46CB-B484-16C212C32EBC}.Debug|Any CPU.ActiveCfg = Debug|Any CPU
		{05D1BEBF-79A7-46CB-B484-16C212C32EBC}.Debug|Any CPU.Build.0 = Debug|Any CPU
		{05D1BEBF-79A7-46CB-B484-16C212C32EBC}.Release|Any CPU.ActiveCfg = Release|Any CPU
		{05D1BEBF-79A7-46CB-B484-16C212C32EBC}.Release|Any CPU.Build.0 = Release|Any CPU
	EndGlobalSection
EndGlobal
